
Microsoft Visual Studio Solution File, Format Version 12.00
# Visual Studio Version 17
VisualStudioVersion = 17.0.31903.59
MinimumVisualStudioVersion = 10.0.40219.1
Project("{FAE04EC0-301F-11D3-BF4B-00C04F79EFBC}") = "OMS.Services", "OMS.Services\OMS.Services.csproj", "{F8AC1913-874B-4EF5-BC94-0D883294140C}"
EndProject
Project("{FAE04EC0-301F-11D3-BF4B-00C04F79EFBC}") = "OMS.Core", "OMS.Core\OMS.Core.csproj", "{04C37EEC-B2C6-4A8B-A95B-A1F3CE930B31}"
EndProject
Project("{FAE04EC0-301F-11D3-BF4B-00C04F79EFBC}") = "OMS.Data", "OMS.Data\OMS.Data.csproj", "{FE4A3FD4-AF23-44A8-9ACA-DBDE4D1C9D13}"
EndProject
Project("{FAE04EC0-301F-11D3-BF4B-00C04F79EFBC}") = "OMS.Client", "OMS.Client\OMS.Client.csproj", "{775EC0B5-3961-48E9-8BB9-6AAE32CFB1A3}"
EndProject
Project("{FAE04EC0-301F-11D3-BF4B-00C04F79EFBC}") = "MigrationsManager", "MigrationsManager\MigrationsManager.csproj", "{5A307EAA-B2F9-411B-9A18-CDE0E6474406}"
EndProject
Project("{FAE04EC0-301F-11D3-BF4B-00C04F79EFBC}") = "OMS.Grains.Impl", "OMS.Grains.Impl\OMS.Grains.Impl.csproj", "{8778A3A4-54E2-42E0-9B57-639C21D8D856}"
EndProject
Project("{FAE04EC0-301F-11D3-BF4B-00C04F79EFBC}") = "OMS.Grains.Interfaces", "OMS.Grains.Interfaces\OMS.Grains.Interfaces.csproj", "{BEA98E31-7290-4072-B75C-534F1F3F0672}"
EndProject
Project("{FAE04EC0-301F-11D3-BF4B-00C04F79EFBC}") = "OMS.Web", "OMS.Web\OMS.Web.csproj", "{83A99844-7AEB-421F-8015-961145B9ED80}"
EndProject
Project("{FAE04EC0-301F-11D3-BF4B-00C04F79EFBC}") = "OMS.Algo", "OMS.Algo\OMS.Algo.csproj", "{07181929-C272-48A4-BA2C-802513263FBF}"
EndProject
Project("{FAE04EC0-301F-11D3-BF4B-00C04F79EFBC}") = "OMS.API.Tests", "OMS.API.Tests\OMS.API.Tests.csproj", "{5155BF01-EF78-430A-A3C6-41B148578C53}"
EndProject
Project("{FAE04EC0-301F-11D3-BF4B-00C04F79EFBC}") = "OMS.Web.API.Tests", "OMS.Web.API.Tests\OMS.Web.API.Tests.csproj", "{AA9F244B-2C19-4505-828E-2017457069A4}"
EndProject
Project("{FAE04EC0-301F-11D3-BF4B-00C04F79EFBC}") = "OMS.Web.Simple", "OMS.Web.Simple\OMS.Web.Simple.csproj", "{FA7AE84B-9F85-434A-A210-91E2AB015A04}"
EndProject
Project("{FAE04EC0-301F-11D3-BF4B-00C04F79EFBC}") = "OMS.Logging", "OMS.Logging\OMS.Logging.csproj", "{FA5397B4-FD36-480D-8100-D3FDE839F9C0}"
EndProject
Project("{FAE04EC0-301F-11D3-BF4B-00C04F79EFBC}") = "OMS.MT4Relay", "OMS.MT4Relay\OMS.MT4Relay.csproj", "{0E0E31EA-006F-435D-B987-D5B458C6F466}"
EndProject
Global
	GlobalSection(SolutionConfigurationPlatforms) = preSolution
		Debug|Any CPU = Debug|Any CPU
		Release|Any CPU = Release|Any CPU
	EndGlobalSection
	GlobalSection(ProjectConfigurationPlatforms) = postSolution
		{F8AC1913-874B-4EF5-BC94-0D883294140C}.Debug|Any CPU.ActiveCfg = Debug|Any CPU
		{F8AC1913-874B-4EF5-BC94-0D883294140C}.Debug|Any CPU.Build.0 = Debug|Any CPU
		{F8AC1913-874B-4EF5-BC94-0D883294140C}.Release|Any CPU.ActiveCfg = Release|Any CPU
		{F8AC1913-874B-4EF5-BC94-0D883294140C}.Release|Any CPU.Build.0 = Release|Any CPU
		{04C37EEC-B2C6-4A8B-A95B-A1F3CE930B31}.Debug|Any CPU.ActiveCfg = Debug|Any CPU
		{04C37EEC-B2C6-4A8B-A95B-A1F3CE930B31}.Debug|Any CPU.Build.0 = Debug|Any CPU
		{04C37EEC-B2C6-4A8B-A95B-A1F3CE930B31}.Release|Any CPU.ActiveCfg = Release|Any CPU
		{04C37EEC-B2C6-4A8B-A95B-A1F3CE930B31}.Release|Any CPU.Build.0 = Release|Any CPU
		{FE4A3FD4-AF23-44A8-9ACA-DBDE4D1C9D13}.Debug|Any CPU.ActiveCfg = Debug|Any CPU
		{FE4A3FD4-AF23-44A8-9ACA-DBDE4D1C9D13}.Debug|Any CPU.Build.0 = Debug|Any CPU
		{FE4A3FD4-AF23-44A8-9ACA-DBDE4D1C9D13}.Release|Any CPU.ActiveCfg = Release|Any CPU
		{FE4A3FD4-AF23-44A8-9ACA-DBDE4D1C9D13}.Release|Any CPU.Build.0 = Release|Any CPU
		{775EC0B5-3961-48E9-8BB9-6AAE32CFB1A3}.Debug|Any CPU.ActiveCfg = Debug|Any CPU
		{775EC0B5-3961-48E9-8BB9-6AAE32CFB1A3}.Debug|Any CPU.Build.0 = Debug|Any CPU
		{775EC0B5-3961-48E9-8BB9-6AAE32CFB1A3}.Release|Any CPU.ActiveCfg = Release|Any CPU
		{775EC0B5-3961-48E9-8BB9-6AAE32CFB1A3}.Release|Any CPU.Build.0 = Release|Any CPU
		{5A307EAA-B2F9-411B-9A18-CDE0E6474406}.Debug|Any CPU.ActiveCfg = Debug|Any CPU
		{5A307EAA-B2F9-411B-9A18-CDE0E6474406}.Debug|Any CPU.Build.0 = Debug|Any CPU
		{5A307EAA-B2F9-411B-9A18-CDE0E6474406}.Release|Any CPU.ActiveCfg = Release|Any CPU
		{5A307EAA-B2F9-411B-9A18-CDE0E6474406}.Release|Any CPU.Build.0 = Release|Any CPU
		{8778A3A4-54E2-42E0-9B57-639C21D8D856}.Debug|Any CPU.ActiveCfg = Debug|Any CPU
		{8778A3A4-54E2-42E0-9B57-639C21D8D856}.Debug|Any CPU.Build.0 = Debug|Any CPU
		{8778A3A4-54E2-42E0-9B57-639C21D8D856}.Release|Any CPU.ActiveCfg = Release|Any CPU
		{8778A3A4-54E2-42E0-9B57-639C21D8D856}.Release|Any CPU.Build.0 = Release|Any CPU
		{BEA98E31-7290-4072-B75C-534F1F3F0672}.Debug|Any CPU.ActiveCfg = Debug|Any CPU
		{BEA98E31-7290-4072-B75C-534F1F3F0672}.Debug|Any CPU.Build.0 = Debug|Any CPU
		{BEA98E31-7290-4072-B75C-534F1F3F0672}.Release|Any CPU.ActiveCfg = Release|Any CPU
		{BEA98E31-7290-4072-B75C-534F1F3F0672}.Release|Any CPU.Build.0 = Release|Any CPU
		{83A99844-7AEB-421F-8015-961145B9ED80}.Debug|Any CPU.ActiveCfg = Debug|Any CPU
		{83A99844-7AEB-421F-8015-961145B9ED80}.Debug|Any CPU.Build.0 = Debug|Any CPU
		{83A99844-7AEB-421F-8015-961145B9ED80}.Release|Any CPU.ActiveCfg = Release|Any CPU
		{83A99844-7AEB-421F-8015-961145B9ED80}.Release|Any CPU.Build.0 = Release|Any CPU
		{07181929-C272-48A4-BA2C-802513263FBF}.Debug|Any CPU.ActiveCfg = Debug|Any CPU
		{07181929-C272-48A4-BA2C-802513263FBF}.Debug|Any CPU.Build.0 = Debug|Any CPU
		{07181929-C272-48A4-BA2C-802513263FBF}.Release|Any CPU.ActiveCfg = Release|Any CPU
		{07181929-C272-48A4-BA2C-802513263FBF}.Release|Any CPU.Build.0 = Release|Any CPU
		{5155BF01-EF78-430A-A3C6-41B148578C53}.Debug|Any CPU.ActiveCfg = Debug|Any CPU
		{5155BF01-EF78-430A-A3C6-41B148578C53}.Debug|Any CPU.Build.0 = Debug|Any CPU
		{5155BF01-EF78-430A-A3C6-41B148578C53}.Release|Any CPU.ActiveCfg = Release|Any CPU
		{5155BF01-EF78-430A-A3C6-41B148578C53}.Release|Any CPU.Build.0 = Release|Any CPU
		{AA9F244B-2C19-4505-828E-2017457069A4}.Debug|Any CPU.ActiveCfg = Debug|Any CPU
		{AA9F244B-2C19-4505-828E-2017457069A4}.Debug|Any CPU.Build.0 = Debug|Any CPU
		{AA9F244B-2C19-4505-828E-2017457069A4}.Release|Any CPU.ActiveCfg = Release|Any CPU
		{AA9F244B-2C19-4505-828E-2017457069A4}.Release|Any CPU.Build.0 = Release|Any CPU
		{FA7AE84B-9F85-434A-A210-91E2AB015A04}.Debug|Any CPU.ActiveCfg = Debug|Any CPU
		{FA7AE84B-9F85-434A-A210-91E2AB015A04}.Debug|Any CPU.Build.0 = Debug|Any CPU
		{FA7AE84B-9F85-434A-A210-91E2AB015A04}.Release|Any CPU.ActiveCfg = Release|Any CPU
		{FA7AE84B-9F85-434A-A210-91E2AB015A04}.Release|Any CPU.Build.0 = Release|Any CPU
		{FA5397B4-FD36-480D-8100-D3FDE839F9C0}.Debug|Any CPU.ActiveCfg = Debug|Any CPU
		{FA5397B4-FD36-480D-8100-D3FDE839F9C0}.Debug|Any CPU.Build.0 = Debug|Any CPU
		{FA5397B4-FD36-480D-8100-D3FDE839F9C0}.Release|Any CPU.ActiveCfg = Release|Any CPU
		{FA5397B4-FD36-480D-8100-D3FDE839F9C0}.Release|Any CPU.Build.0 = Release|Any CPU
		{0E0E31EA-006F-435D-B987-D5B458C6F466}.Debug|Any CPU.ActiveCfg = Debug|Any CPU
		{0E0E31EA-006F-435D-B987-D5B458C6F466}.Debug|Any CPU.Build.0 = Debug|Any CPU
		{0E0E31EA-006F-435D-B987-D5B458C6F466}.Release|Any CPU.ActiveCfg = Release|Any CPU
		{0E0E31EA-006F-435D-B987-D5B458C6F466}.Release|Any CPU.Build.0 = Release|Any CPU
	EndGlobalSection
	GlobalSection(SolutionProperties) = preSolution
		HideSolutionNode = FALSE
	EndGlobalSection
EndGlobal
